
Microsoft Visual Studio Solution File, Format Version 12.00
# Visual Studio Version 16
VisualStudioVersion = 16.0.29806.167
MinimumVisualStudioVersion = 10.0.40219.1
Project("{FAE04EC0-301F-11D3-BF4B-00C04F79EFBC}") = "MinesweeperInterface", "Minesweeper\MinesweeperInterface.csproj", "{C998E4CC-0E35-4B63-9D05-A1BB04E4776E}"
	ProjectSection(ProjectDependencies) = postProject
		{BD1705DE-526E-4E0C-9B56-F4FB9A73CC74} = {BD1705DE-526E-4E0C-9B56-F4FB9A73CC74}
	EndProjectSection
EndProject
Project("{FAE04EC0-301F-11D3-BF4B-00C04F79EFBC}") = "MinesweeperGame", "MinesweeperGame\MinesweeperGame.csproj", "{BD1705DE-526E-4E0C-9B56-F4FB9A73CC74}"
EndProject
Project("{FAE04EC0-301F-11D3-BF4B-00C04F79EFBC}") = "AI", "AI\AI.csproj", "{60DAA873-8756-4B37-BF4E-C0CC148B4B39}"
EndProject
Project("{FAE04EC0-301F-11D3-BF4B-00C04F79EFBC}") = "TestingPlatform", "TestingPlatform\TestingPlatform.csproj", "{CEBFAC34-852F-4A41-A9D4-1C6BE57E758E}"
EndProject
Global
	GlobalSection(SolutionConfigurationPlatforms) = preSolution
		Debug|Any CPU = Debug|Any CPU
		Release|Any CPU = Release|Any CPU
	EndGlobalSection
	GlobalSection(ProjectConfigurationPlatforms) = postSolution
		{C998E4CC-0E35-4B63-9D05-A1BB04E4776E}.Debug|Any CPU.ActiveCfg = Debug|Any CPU
		{C998E4CC-0E35-4B63-9D05-A1BB04E4776E}.Debug|Any CPU.Build.0 = Debug|Any CPU
		{C998E4CC-0E35-4B63-9D05-A1BB04E4776E}.Release|Any CPU.ActiveCfg = Release|Any CPU
		{C998E4CC-0E35-4B63-9D05-A1BB04E4776E}.Release|Any CPU.Build.0 = Release|Any CPU
		{BD1705DE-526E-4E0C-9B56-F4FB9A73CC74}.Debug|Any CPU.ActiveCfg = Debug|Any CPU
		{BD1705DE-526E-4E0C-9B56-F4FB9A73CC74}.Debug|Any CPU.Build.0 = Debug|Any CPU
		{BD1705DE-526E-4E0C-9B56-F4FB9A73CC74}.Release|Any CPU.ActiveCfg = Release|Any CPU
		{BD1705DE-526E-4E0C-9B56-F4FB9A73CC74}.Release|Any CPU.Build.0 = Release|Any CPU
		{60DAA873-8756-4B37-BF4E-C0CC148B4B39}.Debug|Any CPU.ActiveCfg = Debug|Any CPU
		{60DAA873-8756-4B37-BF4E-C0CC148B4B39}.Debug|Any CPU.Build.0 = Debug|Any CPU
		{60DAA873-8756-4B37-BF4E-C0CC148B4B39}.Release|Any CPU.ActiveCfg = Release|Any CPU
		{60DAA873-8756-4B37-BF4E-C0CC148B4B39}.Release|Any CPU.Build.0 = Release|Any CPU
		{CEBFAC34-852F-4A41-A9D4-1C6BE57E758E}.Debug|Any CPU.ActiveCfg = Debug|Any CPU
		{CEBFAC34-852F-4A41-A9D4-1C6BE57E758E}.Debug|Any CPU.Build.0 = Debug|Any CPU
		{CEBFAC34-852F-4A41-A9D4-1C6BE57E758E}.Release|Any CPU.ActiveCfg = Release|Any CPU
		{CEBFAC34-852F-4A41-A9D4-1C6BE57E758E}.Release|Any CPU.Build.0 = Release|Any CPU
	EndGlobalSection
	GlobalSection(SolutionProperties) = preSolution
		HideSolutionNode = FALSE
	EndGlobalSection
	GlobalSection(ExtensibilityGlobals) = postSolution
		SolutionGuid = {16F92762-6703-4211-BD6C-9C6AC22FFBC9}
	EndGlobalSection
EndGlobal
